
Microsoft Visual Studio Solution File, Format Version 12.00
# Visual Studio 15
VisualStudioVersion = 15.0.27703.2018
MinimumVisualStudioVersion = 10.0.40219.1
Project("{FAE04EC0-301F-11D3-BF4B-00C04F79EFBC}") = "XamarinRolling.Android", "XamarinRolling\XamarinRolling.Android\XamarinRolling.Android.csproj", "{63B91126-C322-4087-9781-836695CF4AE8}"
EndProject
Project("{FAE04EC0-301F-11D3-BF4B-00C04F79EFBC}") = "XamarinRolling.iOS", "XamarinRolling\XamarinRolling.iOS\XamarinRolling.iOS.csproj", "{FB2A4197-D4F8-4285-9F72-609A74D9EA71}"
EndProject
Project("{FAE04EC0-301F-11D3-BF4B-00C04F79EFBC}") = "XamarinRolling", "XamarinRolling\XamarinRolling\XamarinRolling.csproj", "{6B6B1059-47EF-41EA-89C0-33BC4EDA8AD0}"
EndProject
Global
	GlobalSection(SolutionConfigurationPlatforms) = preSolution
		Ad-Hoc|Any CPU = Ad-Hoc|Any CPU
		Ad-Hoc|iPhone = Ad-Hoc|iPhone
		Ad-Hoc|iPhoneSimulator = Ad-Hoc|iPhoneSimulator
		AppStore|Any CPU = AppStore|Any CPU
		AppStore|iPhone = AppStore|iPhone
		AppStore|iPhoneSimulator = AppStore|iPhoneSimulator
		Debug|Any CPU = Debug|Any CPU
		Debug|iPhone = Debug|iPhone
		Debug|iPhoneSimulator = Debug|iPhoneSimulator
		Release|Any CPU = Release|Any CPU
		Release|iPhone = Release|iPhone
		Release|iPhoneSimulator = Release|iPhoneSimulator
	EndGlobalSection
	GlobalSection(ProjectConfigurationPlatforms) = postSolution
		{63B91126-C322-4087-9781-836695CF4AE8}.Ad-Hoc|Any CPU.ActiveCfg = Release|Any CPU
		{63B91126-C322-4087-9781-836695CF4AE8}.Ad-Hoc|Any CPU.Build.0 = Release|Any CPU
		{63B91126-C322-4087-9781-836695CF4AE8}.Ad-Hoc|Any CPU.Deploy.0 = Release|Any CPU
		{63B91126-C322-4087-9781-836695CF4AE8}.Ad-Hoc|iPhone.ActiveCfg = Release|Any CPU
		{63B91126-C322-4087-9781-836695CF4AE8}.Ad-Hoc|iPhone.Build.0 = Release|Any CPU
		{63B91126-C322-4087-9781-836695CF4AE8}.Ad-Hoc|iPhone.Deploy.0 = Release|Any CPU
		{63B91126-C322-4087-9781-836695CF4AE8}.Ad-Hoc|iPhoneSimulator.ActiveCfg = Release|Any CPU
		{63B91126-C322-4087-9781-836695CF4AE8}.Ad-Hoc|iPhoneSimulator.Build.0 = Release|Any CPU
		{63B91126-C322-4087-9781-836695CF4AE8}.Ad-Hoc|iPhoneSimulator.Deploy.0 = Release|Any CPU
		{63B91126-C322-4087-9781-836695CF4AE8}.AppStore|Any CPU.ActiveCfg = Release|Any CPU
		{63B91126-C322-4087-9781-836695CF4AE8}.AppStore|Any CPU.Build.0 = Release|Any CPU
		{63B91126-C322-4087-9781-836695CF4AE8}.AppStore|Any CPU.Deploy.0 = Release|Any CPU
		{63B91126-C322-4087-9781-836695CF4AE8}.AppStore|iPhone.ActiveCfg = Release|Any CPU
		{63B91126-C322-4087-9781-836695CF4AE8}.AppStore|iPhone.Build.0 = Release|Any CPU
		{63B91126-C322-4087-9781-836695CF4AE8}.AppStore|iPhone.Deploy.0 = Release|Any CPU
		{63B91126-C322-4087-9781-836695CF4AE8}.AppStore|iPhoneSimulator.ActiveCfg = Release|Any CPU
		{63B91126-C322-4087-9781-836695CF4AE8}.AppStore|iPhoneSimulator.Build.0 = Release|Any CPU
		{63B91126-C322-4087-9781-836695CF4AE8}.AppStore|iPhoneSimulator.Deploy.0 = Release|Any CPU
		{63B91126-C322-4087-9781-836695CF4AE8}.Debug|Any CPU.ActiveCfg = Debug|Any CPU
		{63B91126-C322-4087-9781-836695CF4AE8}.Debug|Any CPU.Build.0 = Debug|Any CPU
		{63B91126-C322-4087-9781-836695CF4AE8}.Debug|Any CPU.Deploy.0 = Debug|Any CPU
		{63B91126-C322-4087-9781-836695CF4AE8}.Debug|iPhone.ActiveCfg = Debug|Any CPU
		{63B91126-C322-4087-9781-836695CF4AE8}.Debug|iPhone.Build.0 = Debug|Any CPU
		{63B91126-C322-4087-9781-836695CF4AE8}.Debug|iPhone.Deploy.0 = Debug|Any CPU
		{63B91126-C322-4087-9781-836695CF4AE8}.Debug|iPhoneSimulator.ActiveCfg = Debug|Any CPU
		{63B91126-C322-4087-9781-836695CF4AE8}.Debug|iPhoneSimulator.Build.0 = Debug|Any CPU
		{63B91126-C322-4087-9781-836695CF4AE8}.Debug|iPhoneSimulator.Deploy.0 = Debug|Any CPU
		{63B91126-C322-4087-9781-836695CF4AE8}.Release|Any CPU.ActiveCfg = Release|Any CPU
		{63B91126-C322-4087-9781-836695CF4AE8}.Release|Any CPU.Build.0 = Release|Any CPU
		{63B91126-C322-4087-9781-836695CF4AE8}.Release|Any CPU.Deploy.0 = Release|Any CPU
		{63B91126-C322-4087-9781-836695CF4AE8}.Release|iPhone.ActiveCfg = Release|Any CPU
		{63B91126-C322-4087-9781-836695CF4AE8}.Release|iPhone.Build.0 = Release|Any CPU
		{63B91126-C322-4087-9781-836695CF4AE8}.Release|iPhone.Deploy.0 = Release|Any CPU
		{63B91126-C322-4087-9781-836695CF4AE8}.Release|iPhoneSimulator.ActiveCfg = Release|Any CPU
		{63B91126-C322-4087-9781-836695CF4AE8}.Release|iPhoneSimulator.Build.0 = Release|Any CPU
		{63B91126-C322-4087-9781-836695CF4AE8}.Release|iPhoneSimulator.Deploy.0 = Release|Any CPU
		{FB2A4197-D4F8-4285-9F72-609A74D9EA71}.Ad-Hoc|Any CPU.ActiveCfg = Ad-Hoc|iPhone
		{FB2A4197-D4F8-4285-9F72-609A74D9EA71}.Ad-Hoc|Any CPU.Build.0 = Ad-Hoc|iPhone
		{FB2A4197-D4F8-4285-9F72-609A74D9EA71}.Ad-Hoc|Any CPU.Deploy.0 = Ad-Hoc|iPhone
		{FB2A4197-D4F8-4285-9F72-609A74D9EA71}.Ad-Hoc|iPhone.ActiveCfg = Ad-Hoc|iPhone
		{FB2A4197-D4F8-4285-9F72-609A74D9EA71}.Ad-Hoc|iPhone.Build.0 = Ad-Hoc|iPhone
		{FB2A4197-D4F8-4285-9F72-609A74D9EA71}.Ad-Hoc|iPhone.Deploy.0 = Ad-Hoc|iPhone
		{FB2A4197-D4F8-4285-9F72-609A74D9EA71}.Ad-Hoc|iPhoneSimulator.ActiveCfg = Ad-Hoc|iPhoneSimulator
		{FB2A4197-D4F8-4285-9F72-609A74D9EA71}.Ad-Hoc|iPhoneSimulator.Build.0 = Ad-Hoc|iPhoneSimulator
		{FB2A4197-D4F8-4285-9F72-609A74D9EA71}.Ad-Hoc|iPhoneSimulator.Deploy.0 = Ad-Hoc|iPhoneSimulator
		{FB2A4197-D4F8-4285-9F72-609A74D9EA71}.AppStore|Any CPU.ActiveCfg = AppStore|iPhone
		{FB2A4197-D4F8-4285-9F72-609A74D9EA71}.AppStore|Any CPU.Build.0 = AppStore|iPhone
		{FB2A4197-D4F8-4285-9F72-609A74D9EA71}.AppStore|Any CPU.Deploy.0 = AppStore|iPhone
		{FB2A4197-D4F8-4285-9F72-609A74D9EA71}.AppStore|iPhone.ActiveCfg = AppStore|iPhone
		{FB2A4197-D4F8-4285-9F72-609A74D9EA71}.AppStore|iPhone.Build.0 = AppStore|iPhone
		{FB2A4197-D4F8-4285-9F72-609A74D9EA71}.AppStore|iPhone.Deploy.0 = AppStore|iPhone
		{FB2A4197-D4F8-4285-9F72-609A74D9EA71}.AppStore|iPhoneSimulator.ActiveCfg = AppStore|iPhoneSimulator
		{FB2A4197-D4F8-4285-9F72-609A74D9EA71}.AppStore|iPhoneSimulator.Build.0 = AppStore|iPhoneSimulator
		{FB2A4197-D4F8-4285-9F72-609A74D9EA71}.AppStore|iPhoneSimulator.Deploy.0 = AppStore|iPhoneSimulator
		{FB2A4197-D4F8-4285-9F72-609A74D9EA71}.Debug|Any CPU.ActiveCfg = Debug|iPhoneSimulator
		{FB2A4197-D4F8-4285-9F72-609A74D9EA71}.Debug|Any CPU.Build.0 = Debug|iPhoneSimulator
		{FB2A4197-D4F8-4285-9F72-609A74D9EA71}.Debug|Any CPU.Deploy.0 = Debug|iPhoneSimulator
		{FB2A4197-D4F8-4285-9F72-609A74D9EA71}.Debug|iPhone.ActiveCfg = Debug|iPhone
		{FB2A4197-D4F8-4285-9F72-609A74D9EA71}.Debug|iPhone.Build.0 = Debug|iPhone
		{FB2A4197-D4F8-4285-9F72-609A74D9EA71}.Debug|iPhone.Deploy.0 = Debug|iPhone
		{FB2A4197-D4F8-4285-9F72-609A74D9EA71}.Debug|iPhoneSimulator.ActiveCfg = Debug|iPhoneSimulator
		{FB2A4197-D4F8-4285-9F72-609A74D9EA71}.Debug|iPhoneSimulator.Build.0 = Debug|iPhoneSimulator
		{FB2A4197-D4F8-4285-9F72-609A74D9EA71}.Debug|iPhoneSimulator.Deploy.0 = Debug|iPhoneSimulator
		{FB2A4197-D4F8-4285-9F72-609A74D9EA71}.Release|Any CPU.ActiveCfg = Release|iPhone
		{FB2A4197-D4F8-4285-9F72-609A74D9EA71}.Release|Any CPU.Build.0 = Release|iPhone
		{FB2A4197-D4F8-4285-9F72-609A74D9EA71}.Release|Any CPU.Deploy.0 = Release|iPhone
		{FB2A4197-D4F8-4285-9F72-609A74D9EA71}.Release|iPhone.ActiveCfg = Release|iPhone
		{FB2A4197-D4F8-4285-9F72-609A74D9EA71}.Release|iPhone.Build.0 = Release|iPhone
		{FB2A4197-D4F8-4285-9F72-609A74D9EA71}.Release|iPhone.Deploy.0 = Release|iPhone
		{FB2A4197-D4F8-4285-9F72-609A74D9EA71}.Release|iPhoneSimulator.ActiveCfg = Release|iPhoneSimulator
		{FB2A4197-D4F8-4285-9F72-609A74D9EA71}.Release|iPhoneSimulator.Build.0 = Release|iPhoneSimulator
		{FB2A4197-D4F8-4285-9F72-609A74D9EA71}.Release|iPhoneSimulator.Deploy.0 = Release|iPhoneSimulator
		{6B6B1059-47EF-41EA-89C0-33BC4EDA8AD0}.Ad-Hoc|Any CPU.ActiveCfg = Debug|Any CPU
		{6B6B1059-47EF-41EA-89C0-33BC4EDA8AD0}.Ad-Hoc|Any CPU.Build.0 = Debug|Any CPU
		{6B6B1059-47EF-41EA-89C0-33BC4EDA8AD0}.Ad-Hoc|Any CPU.Deploy.0 = Debug|Any CPU
		{6B6B1059-47EF-41EA-89C0-33BC4EDA8AD0}.Ad-Hoc|iPhone.ActiveCfg = Debug|Any CPU
		{6B6B1059-47EF-41EA-89C0-33BC4EDA8AD0}.Ad-Hoc|iPhone.Build.0 = Debug|Any CPU
		{6B6B1059-47EF-41EA-89C0-33BC4EDA8AD0}.Ad-Hoc|iPhone.Deploy.0 = Debug|Any CPU
		{6B6B1059-47EF-41EA-89C0-33BC4EDA8AD0}.Ad-Hoc|iPhoneSimulator.ActiveCfg = Debug|Any CPU
		{6B6B1059-47EF-41EA-89C0-33BC4EDA8AD0}.Ad-Hoc|iPhoneSimulator.Build.0 = Debug|Any CPU
		{6B6B1059-47EF-41EA-89C0-33BC4EDA8AD0}.Ad-Hoc|iPhoneSimulator.Deploy.0 = Debug|Any CPU
		{6B6B1059-47EF-41EA-89C0-33BC4EDA8AD0}.AppStore|Any CPU.ActiveCfg = Debug|Any CPU
		{6B6B1059-47EF-41EA-89C0-33BC4EDA8AD0}.AppStore|Any CPU.Build.0 = Debug|Any CPU
		{6B6B1059-47EF-41EA-89C0-33BC4EDA8AD0}.AppStore|Any CPU.Deploy.0 = Debug|Any CPU
		{6B6B1059-47EF-41EA-89C0-33BC4EDA8AD0}.AppStore|iPhone.ActiveCfg = Debug|Any CPU
		{6B6B1059-47EF-41EA-89C0-33BC4EDA8AD0}.AppStore|iPhone.Build.0 = Debug|Any CPU
		{6B6B1059-47EF-41EA-89C0-33BC4EDA8AD0}.AppStore|iPhone.Deploy.0 = Debug|Any CPU
		{6B6B1059-47EF-41EA-89C0-33BC4EDA8AD0}.AppStore|iPhoneSimulator.ActiveCfg = Debug|Any CPU
		{6B6B1059-47EF-41EA-89C0-33BC4EDA8AD0}.AppStore|iPhoneSimulator.Build.0 = Debug|Any CPU
		{6B6B1059-47EF-41EA-89C0-33BC4EDA8AD0}.AppStore|iPhoneSimulator.Deploy.0 = Debug|Any CPU
		{6B6B1059-47EF-41EA-89C0-33BC4EDA8AD0}.Debug|Any CPU.ActiveCfg = Debug|Any CPU
		{6B6B1059-47EF-41EA-89C0-33BC4EDA8AD0}.Debug|Any CPU.Build.0 = Debug|Any CPU
		{6B6B1059-47EF-41EA-89C0-33BC4EDA8AD0}.Debug|Any CPU.Deploy.0 = Debug|Any CPU
		{6B6B1059-47EF-41EA-89C0-33BC4EDA8AD0}.Debug|iPhone.ActiveCfg = Debug|Any CPU
		{6B6B1059-47EF-41EA-89C0-33BC4EDA8AD0}.Debug|iPhone.Build.0 = Debug|Any CPU
		{6B6B1059-47EF-41EA-89C0-33BC4EDA8AD0}.Debug|iPhone.Deploy.0 = Debug|Any CPU
		{6B6B1059-47EF-41EA-89C0-33BC4EDA8AD0}.Debug|iPhoneSimulator.ActiveCfg = Debug|Any CPU
		{6B6B1059-47EF-41EA-89C0-33BC4EDA8AD0}.Debug|iPhoneSimulator.Build.0 = Debug|Any CPU
		{6B6B1059-47EF-41EA-89C0-33BC4EDA8AD0}.Debug|iPhoneSimulator.Deploy.0 = Debug|Any CPU
		{6B6B1059-47EF-41EA-89C0-33BC4EDA8AD0}.Release|Any CPU.ActiveCfg = Release|Any CPU
		{6B6B1059-47EF-41EA-89C0-33BC4EDA8AD0}.Release|Any CPU.Build.0 = Release|Any CPU
		{6B6B1059-47EF-41EA-89C0-33BC4EDA8AD0}.Release|Any CPU.Deploy.0 = Release|Any CPU
		{6B6B1059-47EF-41EA-89C0-33BC4EDA8AD0}.Release|iPhone.ActiveCfg = Release|Any CPU
		{6B6B1059-47EF-41EA-89C0-33BC4EDA8AD0}.Release|iPhone.Build.0 = Release|Any CPU
		{6B6B1059-47EF-41EA-89C0-33BC4EDA8AD0}.Release|iPhone.Deploy.0 = Release|Any CPU
		{6B6B1059-47EF-41EA-89C0-33BC4EDA8AD0}.Release|iPhoneSimulator.ActiveCfg = Release|Any CPU
		{6B6B1059-47EF-41EA-89C0-33BC4EDA8AD0}.Release|iPhoneSimulator.Build.0 = Release|Any CPU
		{6B6B1059-47EF-41EA-89C0-33BC4EDA8AD0}.Release|iPhoneSimulator.Deploy.0 = Release|Any CPU
	EndGlobalSection
	GlobalSection(SolutionProperties) = preSolution
		HideSolutionNode = FALSE
	EndGlobalSection
	GlobalSection(ExtensibilityGlobals) = postSolution
		SolutionGuid = {71C015B6-7A3A-4EE0-B6BF-CE324C2230A3}
	EndGlobalSection
EndGlobal
